// !$*UTF8*$!
{
	archiveVersion = 1;
	classes = {
	};
	objectVersion = 56;
	objects = {

/* Begin PBXBuildFile section */
		F65522752E397143004E3809 /* SwiftConcurrencyTrendsApp.swift in Sources */ = {isa = PBXBuildFile; fileRef = F65522742E397143004E3809 /* SwiftConcurrencyTrendsApp.swift */; };
		F65522772E397143004E3809 /* ContentView.swift in Sources */ = {isa = PBXBuildFile; fileRef = F65522762E397143004E3809 /* ContentView.swift */; };
		F65522792E397144004E3809 /* Assets.xcassets in Resources */ = {isa = PBXBuildFile; fileRef = F65522782E397144004E3809 /* Assets.xcassets */; };
		F655227C2E397144004E3809 /* Preview Assets.xcassets in Resources */ = {isa = PBXBuildFile; fileRef = F655227B2E397144004E3809 /* Preview Assets.xcassets */; };
		F65522862E397144004E3809 /* SwiftConcurrencyTrendsTests.swift in Sources */ = {isa = PBXBuildFile; fileRef = F65522852E397144004E3809 /* SwiftConcurrencyTrendsTests.swift */; };
		F65522902E397144004E3809 /* SwiftConcurrencyTrendsUITests.swift in Sources */ = {isa = PBXBuildFile; fileRef = F655228F2E397144004E3809 /* SwiftConcurrencyTrendsUITests.swift */; };
		F65522922E397144004E3809 /* SwiftConcurrencyTrendsUITestsLaunchTests.swift in Sources */ = {isa = PBXBuildFile; fileRef = F65522912E397144004E3809 /* SwiftConcurrencyTrendsUITestsLaunchTests.swift */; };
		F65522A52E3971F7004E3809 /* ImageLoader_GCD.swift in Sources */ = {isa = PBXBuildFile; fileRef = F65522A42E3971F7004E3809 /* ImageLoader_GCD.swift */; };
		F65522A72E39720D004E3809 /* ImageLoader_AsyncAwait.swift in Sources */ = {isa = PBXBuildFile; fileRef = F65522A62E39720D004E3809 /* ImageLoader_AsyncAwait.swift */; };
		F65522A92E397220004E3809 /* ImageLoader_Actor.swift in Sources */ = {isa = PBXBuildFile; fileRef = F65522A82E397220004E3809 /* ImageLoader_Actor.swift */; };
		F65522AB2E397236004E3809 /* AsyncDataAccess.swift in Sources */ = {isa = PBXBuildFile; fileRef = F65522AA2E397236004E3809 /* AsyncDataAccess.swift */; };
		F65522AD2E397250004E3809 /* CustomExecutorExample.swift in Sources */ = {isa = PBXBuildFile; fileRef = F65522AC2E397250004E3809 /* CustomExecutorExample.swift */; };
		F65522AF2E397267004E3809 /* ConcurrencyTests.swift in Sources */ = {isa = PBXBuildFile; fileRef = F65522AE2E397267004E3809 /* ConcurrencyTests.swift */; };
/* End PBXBuildFile section */

/* Begin PBXContainerItemProxy section */
		F65522822E397144004E3809 /* PBXContainerItemProxy */ = {
			isa = PBXContainerItemProxy;
			containerPortal = F65522692E397143004E3809 /* Project object */;
			proxyType = 1;
			remoteGlobalIDString = F65522702E397143004E3809;
			remoteInfo = SwiftConcurrencyTrends;
		};
		F655228C2E397144004E3809 /* PBXContainerItemProxy */ = {
			isa = PBXContainerItemProxy;
			containerPortal = F65522692E397143004E3809 /* Project object */;
			proxyType = 1;
			remoteGlobalIDString = F65522702E397143004E3809;
			remoteInfo = SwiftConcurrencyTrends;
		};
/* End PBXContainerItemProxy section */

/* Begin PBXFileReference section */
		F65522712E397143004E3809 /* SwiftConcurrencyTrends.app */ = {isa = PBXFileReference; explicitFileType = wrapper.application; includeInIndex = 0; path = SwiftConcurrencyTrends.app; sourceTree = BUILT_PRODUCTS_DIR; };
		F65522742E397143004E3809 /* SwiftConcurrencyTrendsApp.swift */ = {isa = PBXFileReference; lastKnownFileType = sourcecode.swift; path = SwiftConcurrencyTrendsApp.swift; sourceTree = "<group>"; };
		F65522762E397143004E3809 /* ContentView.swift */ = {isa = PBXFileReference; lastKnownFileType = sourcecode.swift; path = ContentView.swift; sourceTree = "<group>"; };
		F65522782E397144004E3809 /* Assets.xcassets */ = {isa = PBXFileReference; lastKnownFileType = folder.assetcatalog; path = Assets.xcassets; sourceTree = "<group>"; };
		F655227B2E397144004E3809 /* Preview Assets.xcassets */ = {isa = PBXFileReference; lastKnownFileType = folder.assetcatalog; path = "Preview Assets.xcassets"; sourceTree = "<group>"; };
		F65522812E397144004E3809 /* SwiftConcurrencyTrendsTests.xctest */ = {isa = PBXFileReference; explicitFileType = wrapper.cfbundle; includeInIndex = 0; path = SwiftConcurrencyTrendsTests.xctest; sourceTree = BUILT_PRODUCTS_DIR; };
		F65522852E397144004E3809 /* SwiftConcurrencyTrendsTests.swift */ = {isa = PBXFileReference; lastKnownFileType = sourcecode.swift; path = SwiftConcurrencyTrendsTests.swift; sourceTree = "<group>"; };
		F655228B2E397144004E3809 /* SwiftConcurrencyTrendsUITests.xctest */ = {isa = PBXFileReference; explicitFileType = wrapper.cfbundle; includeInIndex = 0; path = SwiftConcurrencyTrendsUITests.xctest; sourceTree = BUILT_PRODUCTS_DIR; };
		F655228F2E397144004E3809 /* SwiftConcurrencyTrendsUITests.swift */ = {isa = PBXFileReference; lastKnownFileType = sourcecode.swift; path = SwiftConcurrencyTrendsUITests.swift; sourceTree = "<group>"; };
		F65522912E397144004E3809 /* SwiftConcurrencyTrendsUITestsLaunchTests.swift */ = {isa = PBXFileReference; lastKnownFileType = sourcecode.swift; path = SwiftConcurrencyTrendsUITestsLaunchTests.swift; sourceTree = "<group>"; };
		F65522A42E3971F7004E3809 /* ImageLoader_GCD.swift */ = {isa = PBXFileReference; lastKnownFileType = sourcecode.swift; path = ImageLoader_GCD.swift; sourceTree = "<group>"; };
		F65522A62E39720D004E3809 /* ImageLoader_AsyncAwait.swift */ = {isa = PBXFileReference; lastKnownFileType = sourcecode.swift; path = ImageLoader_AsyncAwait.swift; sourceTree = "<group>"; };
		F65522A82E397220004E3809 /* ImageLoader_Actor.swift */ = {isa = PBXFileReference; lastKnownFileType = sourcecode.swift; path = ImageLoader_Actor.swift; sourceTree = "<group>"; };
		F65522AA2E397236004E3809 /* AsyncDataAccess.swift */ = {isa = PBXFileReference; lastKnownFileType = sourcecode.swift; path = AsyncDataAccess.swift; sourceTree = "<group>"; };
		F65522AC2E397250004E3809 /* CustomExecutorExample.swift */ = {isa = PBXFileReference; lastKnownFileType = sourcecode.swift; path = CustomExecutorExample.swift; sourceTree = "<group>"; };
		F65522AE2E397267004E3809 /* ConcurrencyTests.swift */ = {isa = PBXFileReference; lastKnownFileType = sourcecode.swift; path = ConcurrencyTests.swift; sourceTree = "<group>"; };
/* End PBXFileReference section */

/* Begin PBXFrameworksBuildPhase section */
		F655226E2E397143004E3809 /* Frameworks */ = {
			isa = PBXFrameworksBuildPhase;
			buildActionMask = 2147483647;
			files = (
			);
			runOnlyForDeploymentPostprocessing = 0;
		};
		F655227E2E397144004E3809 /* Frameworks */ = {
			isa = PBXFrameworksBuildPhase;
			buildActionMask = 2147483647;
			files = (
			);
			runOnlyForDeploymentPostprocessing = 0;
		};
		F65522882E397144004E3809 /* Frameworks */ = {
			isa = PBXFrameworksBuildPhase;
			buildActionMask = 2147483647;
			files = (
			);
			runOnlyForDeploymentPostprocessing = 0;
		};
/* End PBXFrameworksBuildPhase section */

/* Begin PBXGroup section */
		F65522682E397143004E3809 = {
			isa = PBXGroup;
			children = (
				F65522732E397143004E3809 /* SwiftConcurrencyTrends */,
				F65522842E397144004E3809 /* SwiftConcurrencyTrendsTests */,
				F655228E2E397144004E3809 /* SwiftConcurrencyTrendsUITests */,
				F65522722E397143004E3809 /* Products */,
			);
			sourceTree = "<group>";
		};
		F65522722E397143004E3809 /* Products */ = {
			isa = PBXGroup;
			children = (
				F65522712E397143004E3809 /* SwiftConcurrencyTrends.app */,
				F65522812E397144004E3809 /* SwiftConcurrencyTrendsTests.xctest */,
				F655228B2E397144004E3809 /* SwiftConcurrencyTrendsUITests.xctest */,
			);
			name = Products;
			sourceTree = "<group>";
		};
		F65522732E397143004E3809 /* SwiftConcurrencyTrends */ = {
			isa = PBXGroup;
			children = (
				F65522A32E3971DE004E3809 /* Tests */,
				F65522A22E3971CA004E3809 /* Executors */,
				F65522A12E3971C1004E3809 /* SwiftData */,
				F65522A02E3971B7004E3809 /* OldModel */,
				F655229F2E3971A9004E3809 /* NewModel */,
				F655229E2E397194004E3809 /* App */,
				F65522782E397144004E3809 /* Assets.xcassets */,
				F655227A2E397144004E3809 /* Preview Content */,
			);
			path = SwiftConcurrencyTrends;
			sourceTree = "<group>";
		};
		F655227A2E397144004E3809 /* Preview Content */ = {
			isa = PBXGroup;
			children = (
				F655227B2E397144004E3809 /* Preview Assets.xcassets */,
			);
			path = "Preview Content";
			sourceTree = "<group>";
		};
		F65522842E397144004E3809 /* SwiftConcurrencyTrendsTests */ = {
			isa = PBXGroup;
			children = (
				F65522852E397144004E3809 /* SwiftConcurrencyTrendsTests.swift */,
			);
			path = SwiftConcurrencyTrendsTests;
			sourceTree = "<group>";
		};
		F655228E2E397144004E3809 /* SwiftConcurrencyTrendsUITests */ = {
			isa = PBXGroup;
			children = (
				F655228F2E397144004E3809 /* SwiftConcurrencyTrendsUITests.swift */,
				F65522912E397144004E3809 /* SwiftConcurrencyTrendsUITestsLaunchTests.swift */,
			);
			path = SwiftConcurrencyTrendsUITests;
			sourceTree = "<group>";
		};
		F655229E2E397194004E3809 /* App */ = {
			isa = PBXGroup;
			children = (
				F65522742E397143004E3809 /* SwiftConcurrencyTrendsApp.swift */,
				F65522762E397143004E3809 /* ContentView.swift */,
			);
			path = App;
			sourceTree = "<group>";
		};
		F655229F2E3971A9004E3809 /* NewModel */ = {
			isa = PBXGroup;
			children = (
				F65522A62E39720D004E3809 /* ImageLoader_AsyncAwait.swift */,
				F65522A82E397220004E3809 /* ImageLoader_Actor.swift */,
			);
			path = NewModel;
			sourceTree = "<group>";
		};
		F65522A02E3971B7004E3809 /* OldModel */ = {
			isa = PBXGroup;
			children = (
				F65522A42E3971F7004E3809 /* ImageLoader_GCD.swift */,
			);
			path = OldModel;
			sourceTree = "<group>";
		};
		F65522A12E3971C1004E3809 /* SwiftData */ = {
			isa = PBXGroup;
			children = (
				F65522AA2E397236004E3809 /* AsyncDataAccess.swift */,
			);
			path = SwiftData;
			sourceTree = "<group>";
		};
		F65522A22E3971CA004E3809 /* Executors */ = {
			isa = PBXGroup;
			children = (
				F65522AC2E397250004E3809 /* CustomExecutorExample.swift */,
			);
			path = Executors;
			sourceTree = "<group>";
		};
		F65522A32E3971DE004E3809 /* Tests */ = {
			isa = PBXGroup;
			children = (
				F65522AE2E397267004E3809 /* ConcurrencyTests.swift */,
			);
			path = Tests;
			sourceTree = "<group>";
		};
/* End PBXGroup section */

/* Begin PBXNativeTarget section */
		F65522702E397143004E3809 /* SwiftConcurrencyTrends */ = {
			isa = PBXNativeTarget;
			buildConfigurationList = F65522952E397144004E3809 /* Build configuration list for PBXNativeTarget "SwiftConcurrencyTrends" */;
			buildPhases = (
				F655226D2E397143004E3809 /* Sources */,
				F655226E2E397143004E3809 /* Frameworks */,
				F655226F2E397143004E3809 /* Resources */,
			);
			buildRules = (
			);
			dependencies = (
			);
			name = SwiftConcurrencyTrends;
			productName = SwiftConcurrencyTrends;
			productReference = F65522712E397143004E3809 /* SwiftConcurrencyTrends.app */;
			productType = "com.apple.product-type.application";
		};
		F65522802E397144004E3809 /* SwiftConcurrencyTrendsTests */ = {
			isa = PBXNativeTarget;
			buildConfigurationList = F65522982E397144004E3809 /* Build configuration list for PBXNativeTarget "SwiftConcurrencyTrendsTests" */;
			buildPhases = (
				F655227D2E397144004E3809 /* Sources */,
				F655227E2E397144004E3809 /* Frameworks */,
				F655227F2E397144004E3809 /* Resources */,
			);
			buildRules = (
			);
			dependencies = (
				F65522832E397144004E3809 /* PBXTargetDependency */,
			);
			name = SwiftConcurrencyTrendsTests;
			productName = SwiftConcurrencyTrendsTests;
			productReference = F65522812E397144004E3809 /* SwiftConcurrencyTrendsTests.xctest */;
			productType = "com.apple.product-type.bundle.unit-test";
		};
		F655228A2E397144004E3809 /* SwiftConcurrencyTrendsUITests */ = {
			isa = PBXNativeTarget;
			buildConfigurationList = F655229B2E397144004E3809 /* Build configuration list for PBXNativeTarget "SwiftConcurrencyTrendsUITests" */;
			buildPhases = (
				F65522872E397144004E3809 /* Sources */,
				F65522882E397144004E3809 /* Frameworks */,
				F65522892E397144004E3809 /* Resources */,
			);
			buildRules = (
			);
			dependencies = (
				F655228D2E397144004E3809 /* PBXTargetDependency */,
			);
			name = SwiftConcurrencyTrendsUITests;
			productName = SwiftConcurrencyTrendsUITests;
			productReference = F655228B2E397144004E3809 /* SwiftConcurrencyTrendsUITests.xctest */;
			productType = "com.apple.product-type.bundle.ui-testing";
		};
/* End PBXNativeTarget section */

/* Begin PBXProject section */
		F65522692E397143004E3809 /* Project object */ = {
			isa = PBXProject;
			attributes = {
				BuildIndependentTargetsInParallel = 1;
				LastSwiftUpdateCheck = 1540;
				LastUpgradeCheck = 1540;
				TargetAttributes = {
					F65522702E397143004E3809 = {
						CreatedOnToolsVersion = 15.4;
					};
					F65522802E397144004E3809 = {
						CreatedOnToolsVersion = 15.4;
						TestTargetID = F65522702E397143004E3809;
					};
					F655228A2E397144004E3809 = {
						CreatedOnToolsVersion = 15.4;
						TestTargetID = F65522702E397143004E3809;
					};
				};
			};
			buildConfigurationList = F655226C2E397143004E3809 /* Build configuration list for PBXProject "SwiftConcurrencyTrends" */;
			compatibilityVersion = "Xcode 14.0";
			developmentRegion = en;
			hasScannedForEncodings = 0;
			knownRegions = (
				en,
				Base,
			);
			mainGroup = F65522682E397143004E3809;
			productRefGroup = F65522722E397143004E3809 /* Products */;
			projectDirPath = "";
			projectRoot = "";
			targets = (
				F65522702E397143004E3809 /* SwiftConcurrencyTrends */,
				F65522802E397144004E3809 /* SwiftConcurrencyTrendsTests */,
				F655228A2E397144004E3809 /* SwiftConcurrencyTrendsUITests */,
			);
		};
/* End PBXProject section */

/* Begin PBXResourcesBuildPhase section */
		F655226F2E397143004E3809 /* Resources */ = {
			isa = PBXResourcesBuildPhase;
			buildActionMask = 2147483647;
			files = (
				F655227C2E397144004E3809 /* Preview Assets.xcassets in Resources */,
				F65522792E397144004E3809 /* Assets.xcassets in Resources */,
			);
			runOnlyForDeploymentPostprocessing = 0;
		};
		F655227F2E397144004E3809 /* Resources */ = {
			isa = PBXResourcesBuildPhase;
			buildActionMask = 2147483647;
			files = (
			);
			runOnlyForDeploymentPostprocessing = 0;
		};
		F65522892E397144004E3809 /* Resources */ = {
			isa = PBXResourcesBuildPhase;
			buildActionMask = 2147483647;
			files = (
			);
			runOnlyForDeploymentPostprocessing = 0;
		};
/* End PBXResourcesBuildPhase section */

/* Begin PBXSourcesBuildPhase section */
		F655226D2E397143004E3809 /* Sources */ = {
			isa = PBXSourcesBuildPhase;
			buildActionMask = 2147483647;
			files = (
				F65522A72E39720D004E3809 /* ImageLoader_AsyncAwait.swift in Sources */,
				F65522772E397143004E3809 /* ContentView.swift in Sources */,
				F65522A92E397220004E3809 /* ImageLoader_Actor.swift in Sources */,
				F65522752E397143004E3809 /* SwiftConcurrencyTrendsApp.swift in Sources */,
				F65522AB2E397236004E3809 /* AsyncDataAccess.swift in Sources */,
				F65522AD2E397250004E3809 /* CustomExecutorExample.swift in Sources */,
				F65522A52E3971F7004E3809 /* ImageLoader_GCD.swift in Sources */,
				F65522AF2E397267004E3809 /* ConcurrencyTests.swift in Sources */,
			);
			runOnlyForDeploymentPostprocessing = 0;
		};
		F655227D2E397144004E3809 /* Sources */ = {
			isa = PBXSourcesBuildPhase;
			buildActionMask = 2147483647;
			files = (
				F65522862E397144004E3809 /* SwiftConcurrencyTrendsTests.swift in Sources */,
			);
			runOnlyForDeploymentPostprocessing = 0;
		};
		F65522872E397144004E3809 /* Sources */ = {
			isa = PBXSourcesBuildPhase;
			buildActionMask = 2147483647;
			files = (
				F65522922E397144004E3809 /* SwiftConcurrencyTrendsUITestsLaunchTests.swift in Sources */,
				F65522902E397144004E3809 /* SwiftConcurrencyTrendsUITests.swift in Sources */,
			);
			runOnlyForDeploymentPostprocessing = 0;
		};
/* End PBXSourcesBuildPhase section */

/* Begin PBXTargetDependency section */
		F65522832E397144004E3809 /* PBXTargetDependency */ = {
			isa = PBXTargetDependency;
			target = F65522702E397143004E3809 /* SwiftConcurrencyTrends */;
			targetProxy = F65522822E397144004E3809 /* PBXContainerItemProxy */;
		};
		F655228D2E397144004E3809 /* PBXTargetDependency */ = {
			isa = PBXTargetDependency;
			target = F65522702E397143004E3809 /* SwiftConcurrencyTrends */;
			targetProxy = F655228C2E397144004E3809 /* PBXContainerItemProxy */;
		};
/* End PBXTargetDependency section */

/* Begin XCBuildConfiguration section */
		F65522932E397144004E3809 /* Debug */ = {
			isa = XCBuildConfiguration;
			buildSettings = {
				ALWAYS_SEARCH_USER_PATHS = NO;
				ASSETCATALOG_COMPILER_GENERATE_SWIFT_ASSET_SYMBOL_EXTENSIONS = YES;
				CLANG_ANALYZER_NONNULL = YES;
				CLANG_ANALYZER_NUMBER_OBJECT_CONVERSION = YES_AGGRESSIVE;
				CLANG_CXX_LANGUAGE_STANDARD = "gnu++20";
				CLANG_ENABLE_MODULES = YES;
				CLANG_ENABLE_OBJC_ARC = YES;
				CLANG_ENABLE_OBJC_WEAK = YES;
				CLANG_WARN_BLOCK_CAPTURE_AUTORELEASING = YES;
				CLANG_WARN_BOOL_CONVERSION = YES;
				CLANG_WARN_COMMA = YES;
				CLANG_WARN_CONSTANT_CONVERSION = YES;
				CLANG_WARN_DEPRECATED_OBJC_IMPLEMENTATIONS = YES;
				CLANG_WARN_DIRECT_OBJC_ISA_USAGE = YES_ERROR;
				CLANG_WARN_DOCUMENTATION_COMMENTS = YES;
				CLANG_WARN_EMPTY_BODY = YES;
				CLANG_WARN_ENUM_CONVERSION = YES;
				CLANG_WARN_INFINITE_RECURSION = YES;
				CLANG_WARN_INT_CONVERSION = YES;
				CLANG_WARN_NON_LITERAL_NULL_CONVERSION = YES;
				CLANG_WARN_OBJC_IMPLICIT_RETAIN_SELF = YES;
				CLANG_WARN_OBJC_LITERAL_CONVERSION = YES;
				CLANG_WARN_OBJC_ROOT_CLASS = YES_ERROR;
				CLANG_WARN_QUOTED_INCLUDE_IN_FRAMEWORK_HEADER = YES;
				CLANG_WARN_RANGE_LOOP_ANALYSIS = YES;
				CLANG_WARN_STRICT_PROTOTYPES = YES;
				CLANG_WARN_SUSPICIOUS_MOVE = YES;
				CLANG_WARN_UNGUARDED_AVAILABILITY = YES_AGGRESSIVE;
				CLANG_WARN_UNREACHABLE_CODE = YES;
				CLANG_WARN__DUPLICATE_METHOD_MATCH = YES;
				COPY_PHASE_STRIP = NO;
				DEBUG_INFORMATION_FORMAT = dwarf;
				ENABLE_STRICT_OBJC_MSGSEND = YES;
				ENABLE_TESTABILITY = YES;
				ENABLE_USER_SCRIPT_SANDBOXING = YES;
				GCC_C_LANGUAGE_STANDARD = gnu17;
				GCC_DYNAMIC_NO_PIC = NO;
				GCC_NO_COMMON_BLOCKS = YES;
				GCC_OPTIMIZATION_LEVEL = 0;
				GCC_PREPROCESSOR_DEFINITIONS = (
					"DEBUG=1",
					"$(inherited)",
				);
				GCC_WARN_64_TO_32_BIT_CONVERSION = YES;
				GCC_WARN_ABOUT_RETURN_TYPE = YES_ERROR;
				GCC_WARN_UNDECLARED_SELECTOR = YES;
				GCC_WARN_UNINITIALIZED_AUTOS = YES_AGGRESSIVE;
				GCC_WARN_UNUSED_FUNCTION = YES;
				GCC_WARN_UNUSED_VARIABLE = YES;
				IPHONEOS_DEPLOYMENT_TARGET = 17.5;
				LOCALIZATION_PREFERS_STRING_CATALOGS = YES;
				MTL_ENABLE_DEBUG_INFO = INCLUDE_SOURCE;
				MTL_FAST_MATH = YES;
				ONLY_ACTIVE_ARCH = YES;
				SDKROOT = iphoneos;
				SWIFT_ACTIVE_COMPILATION_CONDITIONS = "DEBUG $(inherited)";
				SWIFT_OPTIMIZATION_LEVEL = "-Onone";
			};
			name = Debug;
		};
		F65522942E397144004E3809 /* Release */ = {
			isa = XCBuildConfiguration;
			buildSettings = {
				ALWAYS_SEARCH_USER_PATHS = NO;
				ASSETCATALOG_COMPILER_GENERATE_SWIFT_ASSET_SYMBOL_EXTENSIONS = YES;
				CLANG_ANALYZER_NONNULL = YES;
				CLANG_ANALYZER_NUMBER_OBJECT_CONVERSION = YES_AGGRESSIVE;
				CLANG_CXX_LANGUAGE_STANDARD = "gnu++20";
				CLANG_ENABLE_MODULES = YES;
				CLANG_ENABLE_OBJC_ARC = YES;
				CLANG_ENABLE_OBJC_WEAK = YES;
				CLANG_WARN_BLOCK_CAPTURE_AUTORELEASING = YES;
				CLANG_WARN_BOOL_CONVERSION = YES;
				CLANG_WARN_COMMA = YES;
				CLANG_WARN_CONSTANT_CONVERSION = YES;
				CLANG_WARN_DEPRECATED_OBJC_IMPLEMENTATIONS = YES;
				CLANG_WARN_DIRECT_OBJC_ISA_USAGE = YES_ERROR;
				CLANG_WARN_DOCUMENTATION_COMMENTS = YES;
				CLANG_WARN_EMPTY_BODY = YES;
				CLANG_WARN_ENUM_CONVERSION = YES;
				CLANG_WARN_INFINITE_RECURSION = YES;
				CLANG_WARN_INT_CONVERSION = YES;
				CLANG_WARN_NON_LITERAL_NULL_CONVERSION = YES;
				CLANG_WARN_OBJC_IMPLICIT_RETAIN_SELF = YES;
				CLANG_WARN_OBJC_LITERAL_CONVERSION = YES;
				CLANG_WARN_OBJC_ROOT_CLASS = YES_ERROR;
				CLANG_WARN_QUOTED_INCLUDE_IN_FRAMEWORK_HEADER = YES;
				CLANG_WARN_RANGE_LOOP_ANALYSIS = YES;
				CLANG_WARN_STRICT_PROTOTYPES = YES;
				CLANG_WARN_SUSPICIOUS_MOVE = YES;
				CLANG_WARN_UNGUARDED_AVAILABILITY = YES_AGGRESSIVE;
				CLANG_WARN_UNREACHABLE_CODE = YES;
				CLANG_WARN__DUPLICATE_METHOD_MATCH = YES;
				COPY_PHASE_STRIP = NO;
				DEBUG_INFORMATION_FORMAT = "dwarf-with-dsym";
				ENABLE_NS_ASSERTIONS = NO;
				ENABLE_STRICT_OBJC_MSGSEND = YES;
				ENABLE_USER_SCRIPT_SANDBOXING = YES;
				GCC_C_LANGUAGE_STANDARD = gnu17;
				GCC_NO_COMMON_BLOCKS = YES;
				GCC_WARN_64_TO_32_BIT_CONVERSION = YES;
				GCC_WARN_ABOUT_RETURN_TYPE = YES_ERROR;
				GCC_WARN_UNDECLARED_SELECTOR = YES;
				GCC_WARN_UNINITIALIZED_AUTOS = YES_AGGRESSIVE;
				GCC_WARN_UNUSED_FUNCTION = YES;
				GCC_WARN_UNUSED_VARIABLE = YES;
				IPHONEOS_DEPLOYMENT_TARGET = 17.5;
				LOCALIZATION_PREFERS_STRING_CATALOGS = YES;
				MTL_ENABLE_DEBUG_INFO = NO;
				MTL_FAST_MATH = YES;
				SDKROOT = iphoneos;
				SWIFT_COMPILATION_MODE = wholemodule;
				VALIDATE_PRODUCT = YES;
			};
			name = Release;
		};
		F65522962E397144004E3809 /* Debug */ = {
			isa = XCBuildConfiguration;
			buildSettings = {
				ASSETCATALOG_COMPILER_APPICON_NAME = AppIcon;
				ASSETCATALOG_COMPILER_GLOBAL_ACCENT_COLOR_NAME = AccentColor;
				CODE_SIGN_STYLE = Automatic;
				CURRENT_PROJECT_VERSION = 1;
				DEVELOPMENT_ASSET_PATHS = "\"SwiftConcurrencyTrends/Preview Content\"";
				DEVELOPMENT_TEAM = R4U97W57PB;
				ENABLE_PREVIEWS = YES;
				GENERATE_INFOPLIST_FILE = YES;
				INFOPLIST_KEY_UIApplicationSceneManifest_Generation = YES;
				INFOPLIST_KEY_UIApplicationSupportsIndirectInputEvents = YES;
				INFOPLIST_KEY_UILaunchScreen_Generation = YES;
				INFOPLIST_KEY_UISupportedInterfaceOrientations_iPad = "UIInterfaceOrientationPortrait UIInterfaceOrientationPortraitUpsideDown UIInterfaceOrientationLandscapeLeft UIInterfaceOrientationLandscapeRight";
				INFOPLIST_KEY_UISupportedInterfaceOrientations_iPhone = "UIInterfaceOrientationPortrait UIInterfaceOrientationLandscapeLeft UIInterfaceOrientationLandscapeRight";
				LD_RUNPATH_SEARCH_PATHS = (
					"$(inherited)",
					"@executable_path/Frameworks",
				);
				MARKETING_VERSION = 1.0;
				PRODUCT_BUNDLE_IDENTIFIER = sachi.SwiftConcurrencyTrends;
				PRODUCT_NAME = "$(TARGET_NAME)";
				SWIFT_EMIT_LOC_STRINGS = YES;
				SWIFT_VERSION = 5.0;
				TARGETED_DEVICE_FAMILY = "1,2";
			};
			name = Debug;
		};
		F65522972E397144004E3809 /* Release */ = {
			isa = XCBuildConfiguration;
			buildSettings = {
				ASSETCATALOG_COMPILER_APPICON_NAME = AppIcon;
				ASSETCATALOG_COMPILER_GLOBAL_ACCENT_COLOR_NAME = AccentColor;
				CODE_SIGN_STYLE = Automatic;
				CURRENT_PROJECT_VERSION = 1;
				DEVELOPMENT_ASSET_PATHS = "\"SwiftConcurrencyTrends/Preview Content\"";
				DEVELOPMENT_TEAM = R4U97W57PB;
				ENABLE_PREVIEWS = YES;
				GENERATE_INFOPLIST_FILE = YES;
				INFOPLIST_KEY_UIApplicationSceneManifest_Generation = YES;
				INFOPLIST_KEY_UIApplicationSupportsIndirectInputEvents = YES;
				INFOPLIST_KEY_UILaunchScreen_Generation = YES;
				INFOPLIST_KEY_UISupportedInterfaceOrientations_iPad = "UIInterfaceOrientationPortrait UIInterfaceOrientationPortraitUpsideDown UIInterfaceOrientationLandscapeLeft UIInterfaceOrientationLandscapeRight";
				INFOPLIST_KEY_UISupportedInterfaceOrientations_iPhone = "UIInterfaceOrientationPortrait UIInterfaceOrientationLandscapeLeft UIInterfaceOrientationLandscapeRight";
				LD_RUNPATH_SEARCH_PATHS = (
					"$(inherited)",
					"@executable_path/Frameworks",
				);
				MARKETING_VERSION = 1.0;
				PRODUCT_BUNDLE_IDENTIFIER = sachi.SwiftConcurrencyTrends;
				PRODUCT_NAME = "$(TARGET_NAME)";
				SWIFT_EMIT_LOC_STRINGS = YES;
				SWIFT_VERSION = 5.0;
				TARGETED_DEVICE_FAMILY = "1,2";
			};
			name = Release;
		};
		F65522992E397144004E3809 /* Debug */ = {
			isa = XCBuildConfiguration;
			buildSettings = {
				ALWAYS_EMBED_SWIFT_STANDARD_LIBRARIES = YES;
				BUNDLE_LOADER = "$(TEST_HOST)";
				CODE_SIGN_STYLE = Automatic;
				CURRENT_PROJECT_VERSION = 1;
				DEVELOPMENT_TEAM = R4U97W57PB;
				GENERATE_INFOPLIST_FILE = YES;
				IPHONEOS_DEPLOYMENT_TARGET = 17.5;
				MARKETING_VERSION = 1.0;
				PRODUCT_BUNDLE_IDENTIFIER = sachi.SwiftConcurrencyTrendsTests;
				PRODUCT_NAME = "$(TARGET_NAME)";
				SWIFT_EMIT_LOC_STRINGS = NO;
				SWIFT_VERSION = 5.0;
				TARGETED_DEVICE_FAMILY = "1,2";
				TEST_HOST = "$(BUILT_PRODUCTS_DIR)/SwiftConcurrencyTrends.app/$(BUNDLE_EXECUTABLE_FOLDER_PATH)/SwiftConcurrencyTrends";
			};
			name = Debug;
		};
		F655229A2E397144004E3809 /* Release */ = {
			isa = XCBuildConfiguration;
			buildSettings = {
				ALWAYS_EMBED_SWIFT_STANDARD_LIBRARIES = YES;
				BUNDLE_LOADER = "$(TEST_HOST)";
				CODE_SIGN_STYLE = Automatic;
				CURRENT_PROJECT_VERSION = 1;
				DEVELOPMENT_TEAM = R4U97W57PB;
				GENERATE_INFOPLIST_FILE = YES;
				IPHONEOS_DEPLOYMENT_TARGET = 17.5;
				MARKETING_VERSION = 1.0;
				PRODUCT_BUNDLE_IDENTIFIER = sachi.SwiftConcurrencyTrendsTests;
				PRODUCT_NAME = "$(TARGET_NAME)";
				SWIFT_EMIT_LOC_STRINGS = NO;
				SWIFT_VERSION = 5.0;
				TARGETED_DEVICE_FAMILY = "1,2";
				TEST_HOST = "$(BUILT_PRODUCTS_DIR)/SwiftConcurrencyTrends.app/$(BUNDLE_EXECUTABLE_FOLDER_PATH)/SwiftConcurrencyTrends";
			};
			name = Release;
		};
		F655229C2E397144004E3809 /* Debug */ = {
			isa = XCBuildConfiguration;
			buildSettings = {
				ALWAYS_EMBED_SWIFT_STANDARD_LIBRARIES = YES;
				CODE_SIGN_STYLE = Automatic;
				CURRENT_PROJECT_VERSION = 1;
				DEVELOPMENT_TEAM = R4U97W57PB;
				GENERATE_INFOPLIST_FILE = YES;
				MARKETING_VERSION = 1.0;
				PRODUCT_BUNDLE_IDENTIFIER = sachi.SwiftConcurrencyTrendsUITests;
				PRODUCT_NAME = "$(TARGET_NAME)";
				SWIFT_EMIT_LOC_STRINGS = NO;
				SWIFT_VERSION = 5.0;
				TARGETED_DEVICE_FAMILY = "1,2";
				TEST_TARGET_NAME = SwiftConcurrencyTrends;
			};
			name = Debug;
		};
		F655229D2E397144004E3809 /* Release */ = {
			isa = XCBuildConfiguration;
			buildSettings = {
				ALWAYS_EMBED_SWIFT_STANDARD_LIBRARIES = YES;
				CODE_SIGN_STYLE = Automatic;
				CURRENT_PROJECT_VERSION = 1;
				DEVELOPMENT_TEAM = R4U97W57PB;
				GENERATE_INFOPLIST_FILE = YES;
				MARKETING_VERSION = 1.0;
				PRODUCT_BUNDLE_IDENTIFIER = sachi.SwiftConcurrencyTrendsUITests;
				PRODUCT_NAME = "$(TARGET_NAME)";
				SWIFT_EMIT_LOC_STRINGS = NO;
				SWIFT_VERSION = 5.0;
				TARGETED_DEVICE_FAMILY = "1,2";
				TEST_TARGET_NAME = SwiftConcurrencyTrends;
			};
			name = Release;
		};
/* End XCBuildConfiguration section */

/* Begin XCConfigurationList section */
		F655226C2E397143004E3809 /* Build configuration list for PBXProject "SwiftConcurrencyTrends" */ = {
			isa = XCConfigurationList;
			buildConfigurations = (
				F65522932E397144004E3809 /* Debug */,
				F65522942E397144004E3809 /* Release */,
			);
			defaultConfigurationIsVisible = 0;
			defaultConfigurationName = Release;
		};
		F65522952E397144004E3809 /* Build configuration list for PBXNativeTarget "SwiftConcurrencyTrends" */ = {
			isa = XCConfigurationList;
			buildConfigurations = (
				F65522962E397144004E3809 /* Debug */,
				F65522972E397144004E3809 /* Release */,
			);
			defaultConfigurationIsVisible = 0;
			defaultConfigurationName = Release;
		};
		F65522982E397144004E3809 /* Build configuration list for PBXNativeTarget "SwiftConcurrencyTrendsTests" */ = {
			isa = XCConfigurationList;
			buildConfigurations = (
				F65522992E397144004E3809 /* Debug */,
				F655229A2E397144004E3809 /* Release */,
			);
			defaultConfigurationIsVisible = 0;
			defaultConfigurationName = Release;
		};
		F655229B2E397144004E3809 /* Build configuration list for PBXNativeTarget "SwiftConcurrencyTrendsUITests" */ = {
			isa = XCConfigurationList;
			buildConfigurations = (
				F655229C2E397144004E3809 /* Debug */,
				F655229D2E397144004E3809 /* Release */,
			);
			defaultConfigurationIsVisible = 0;
			defaultConfigurationName = Release;
		};
/* End XCConfigurationList section */
	};
	rootObject = F65522692E397143004E3809 /* Project object */;
}
